
Microsoft Visual Studio Solution File, Format Version 12.00
# Visual Studio 15
Project("{FAE04EC0-301F-11D3-BF4B-00C04F79EFBC}") = "Assembly-CSharp", "Assembly-CSharp.csproj", "{B053BEC5-83D2-D6BB-B4DD-F7E11DD1E36B}"
EndProject
Global
	GlobalSection(SolutionConfigurationPlatforms) = preSolution
		Debug|Any CPU = Debug|Any CPU
		Release|Any CPU = Release|Any CPU
	EndGlobalSection
	GlobalSection(ProjectConfigurationPlatforms) = postSolution
		{B053BEC5-83D2-D6BB-B4DD-F7E11DD1E36B}.Debug|Any CPU.ActiveCfg = Debug|Any CPU
		{B053BEC5-83D2-D6BB-B4DD-F7E11DD1E36B}.Debug|Any CPU.Build.0 = Debug|Any CPU
		{B053BEC5-83D2-D6BB-B4DD-F7E11DD1E36B}.Release|Any CPU.ActiveCfg = Release|Any CPU
		{B053BEC5-83D2-D6BB-B4DD-F7E11DD1E36B}.Release|Any CPU.Build.0 = Release|Any CPU
	EndGlobalSection
	GlobalSection(SolutionProperties) = preSolution
		HideSolutionNode = FALSE
	EndGlobalSection
EndGlobal
